
Microsoft Visual Studio Solution File, Format Version 12.00
# Visual Studio Version 16
VisualStudioVersion = 16.0.29215.179
MinimumVisualStudioVersion = 10.0.40219.1
Project("{2150E333-8FDC-42A3-9474-1A3956D46DE8}") = "Solution Items", "Solution Items", "{93F5B926-C763-48EF-9B11-1F50BE74A962}"
	ProjectSection(SolutionItems) = preProject
		.gitattributes = .gitattributes
		.gitignore = .gitignore
		NuGet\Ioc.Modules.Autofac.nuspec = NuGet\Ioc.Modules.Autofac.nuspec
		NuGet\Ioc.Modules.Ninject.nuspec = NuGet\Ioc.Modules.Ninject.nuspec
		NuGet\Ioc.Modules.nuspec = NuGet\Ioc.Modules.nuspec
		NuGet\Ioc.Modules.Unity.nuspec = NuGet\Ioc.Modules.Unity.nuspec
		NuGet\Package.cmd = NuGet\Package.cmd
		README.md = README.md
		SharedVersion.cs = SharedVersion.cs
	EndProjectSection
EndProject
Project("{FAE04EC0-301F-11D3-BF4B-00C04F79EFBC}") = "Ioc.Modules.Net40.Ninject", "Ioc.Modules.Ninject\Ioc.Modules.Net40.Ninject.csproj", "{9F885D57-3AB9-472B-AC78-D907C953E5FE}"
EndProject
Project("{FAE04EC0-301F-11D3-BF4B-00C04F79EFBC}") = "Ioc.Modules.Net45.Ninject", "Ioc.Modules.Ninject\Ioc.Modules.Net45.Ninject.csproj", "{F81C7C3B-FCA4-4FDB-B05C-6343BB0F6177}"
EndProject
Project("{FAE04EC0-301F-11D3-BF4B-00C04F79EFBC}") = "Ioc.Modules.Net40.Unity", "Ioc.Modules.Unity\Ioc.Modules.Net40.Unity.csproj", "{1B59CD46-CA3C-4EE0-8565-149B297C96D0}"
EndProject
Project("{FAE04EC0-301F-11D3-BF4B-00C04F79EFBC}") = "Ioc.Modules.Net45.Unity", "Ioc.Modules.Unity\Ioc.Modules.Net45.Unity.csproj", "{A24BE310-56AA-4324-8F09-448151B7C913}"
EndProject
Project("{FAE04EC0-301F-11D3-BF4B-00C04F79EFBC}") = "Ioc.Modules.Net40.Autofac", "Ioc.Modules.Autofac\Ioc.Modules.Net40.Autofac.csproj", "{151FD5CB-672B-4D11-B989-22C96BED9C13}"
EndProject
Project("{FAE04EC0-301F-11D3-BF4B-00C04F79EFBC}") = "Ioc.Modules.Net45.Autofac", "Ioc.Modules.Autofac\Ioc.Modules.Net45.Autofac.csproj", "{F70FEB5A-B6BD-450E-9DA7-9CAC4D5C31D9}"
EndProject
Project("{FAE04EC0-301F-11D3-BF4B-00C04F79EFBC}") = "Test.Interfaces", "Test.Interfaces\Test.Interfaces.csproj", "{DB58FF0A-7B8B-4BF9-A608-341CD00A6B89}"
EndProject
Project("{FAE04EC0-301F-11D3-BF4B-00C04F79EFBC}") = "Test.Package1", "Test.Package1\Test.Package1.csproj", "{4E223EC3-FE57-4637-A8B0-C1F34EE7A6C0}"
EndProject
Project("{FAE04EC0-301F-11D3-BF4B-00C04F79EFBC}") = "Test.Package2", "Test.Package2\Test.Package2.csproj", "{5ACFEE4F-207A-40B2-867A-89884A0F1623}"
EndProject
Project("{FAE04EC0-301F-11D3-BF4B-00C04F79EFBC}") = "Test.App1", "Test.App1\Test.App1.csproj", "{AEF48BAD-981A-4F24-83BB-E76D2F6F2792}"
EndProject
Project("{FAE04EC0-301F-11D3-BF4B-00C04F79EFBC}") = "Test.App2", "Test.App2\Test.App2.csproj", "{A700E712-48F4-4B15-8C10-8F25E535EE4D}"
EndProject
Project("{FAE04EC0-301F-11D3-BF4B-00C04F79EFBC}") = "Test.App3", "Test.App3\Test.App3.csproj", "{C59B97E3-7311-4B6F-88B3-D984C3E8DB94}"
EndProject
Project("{9A19103F-16F7-4668-BE54-9A1E7A4F7556}") = "Ioc.Modules", "Ioc.Modules\Ioc.Modules.csproj", "{B2EF6017-D816-4A5B-8744-AC993D9DC7C6}"
EndProject
Global
	GlobalSection(SolutionConfigurationPlatforms) = preSolution
		Debug|Any CPU = Debug|Any CPU
		Release|Any CPU = Release|Any CPU
	EndGlobalSection
	GlobalSection(ProjectConfigurationPlatforms) = postSolution
		{9F885D57-3AB9-472B-AC78-D907C953E5FE}.Debug|Any CPU.ActiveCfg = Debug|Any CPU
		{9F885D57-3AB9-472B-AC78-D907C953E5FE}.Debug|Any CPU.Build.0 = Debug|Any CPU
		{9F885D57-3AB9-472B-AC78-D907C953E5FE}.Release|Any CPU.ActiveCfg = Release|Any CPU
		{9F885D57-3AB9-472B-AC78-D907C953E5FE}.Release|Any CPU.Build.0 = Release|Any CPU
		{F81C7C3B-FCA4-4FDB-B05C-6343BB0F6177}.Debug|Any CPU.ActiveCfg = Debug|Any CPU
		{F81C7C3B-FCA4-4FDB-B05C-6343BB0F6177}.Debug|Any CPU.Build.0 = Debug|Any CPU
		{F81C7C3B-FCA4-4FDB-B05C-6343BB0F6177}.Release|Any CPU.ActiveCfg = Release|Any CPU
		{F81C7C3B-FCA4-4FDB-B05C-6343BB0F6177}.Release|Any CPU.Build.0 = Release|Any CPU
		{1B59CD46-CA3C-4EE0-8565-149B297C96D0}.Debug|Any CPU.ActiveCfg = Debug|Any CPU
		{1B59CD46-CA3C-4EE0-8565-149B297C96D0}.Debug|Any CPU.Build.0 = Debug|Any CPU
		{1B59CD46-CA3C-4EE0-8565-149B297C96D0}.Release|Any CPU.ActiveCfg = Release|Any CPU
		{1B59CD46-CA3C-4EE0-8565-149B297C96D0}.Release|Any CPU.Build.0 = Release|Any CPU
		{A24BE310-56AA-4324-8F09-448151B7C913}.Debug|Any CPU.ActiveCfg = Debug|Any CPU
		{A24BE310-56AA-4324-8F09-448151B7C913}.Debug|Any CPU.Build.0 = Debug|Any CPU
		{A24BE310-56AA-4324-8F09-448151B7C913}.Release|Any CPU.ActiveCfg = Release|Any CPU
		{A24BE310-56AA-4324-8F09-448151B7C913}.Release|Any CPU.Build.0 = Release|Any CPU
		{151FD5CB-672B-4D11-B989-22C96BED9C13}.Debug|Any CPU.ActiveCfg = Debug|Any CPU
		{151FD5CB-672B-4D11-B989-22C96BED9C13}.Debug|Any CPU.Build.0 = Debug|Any CPU
		{151FD5CB-672B-4D11-B989-22C96BED9C13}.Release|Any CPU.ActiveCfg = Release|Any CPU
		{151FD5CB-672B-4D11-B989-22C96BED9C13}.Release|Any CPU.Build.0 = Release|Any CPU
		{F70FEB5A-B6BD-450E-9DA7-9CAC4D5C31D9}.Debug|Any CPU.ActiveCfg = Debug|Any CPU
		{F70FEB5A-B6BD-450E-9DA7-9CAC4D5C31D9}.Debug|Any CPU.Build.0 = Debug|Any CPU
		{F70FEB5A-B6BD-450E-9DA7-9CAC4D5C31D9}.Release|Any CPU.ActiveCfg = Release|Any CPU
		{F70FEB5A-B6BD-450E-9DA7-9CAC4D5C31D9}.Release|Any CPU.Build.0 = Release|Any CPU
		{DB58FF0A-7B8B-4BF9-A608-341CD00A6B89}.Debug|Any CPU.ActiveCfg = Debug|Any CPU
		{DB58FF0A-7B8B-4BF9-A608-341CD00A6B89}.Debug|Any CPU.Build.0 = Debug|Any CPU
		{DB58FF0A-7B8B-4BF9-A608-341CD00A6B89}.Release|Any CPU.ActiveCfg = Release|Any CPU
		{DB58FF0A-7B8B-4BF9-A608-341CD00A6B89}.Release|Any CPU.Build.0 = Release|Any CPU
		{4E223EC3-FE57-4637-A8B0-C1F34EE7A6C0}.Debug|Any CPU.ActiveCfg = Debug|Any CPU
		{4E223EC3-FE57-4637-A8B0-C1F34EE7A6C0}.Debug|Any CPU.Build.0 = Debug|Any CPU
		{4E223EC3-FE57-4637-A8B0-C1F34EE7A6C0}.Release|Any CPU.ActiveCfg = Release|Any CPU
		{4E223EC3-FE57-4637-A8B0-C1F34EE7A6C0}.Release|Any CPU.Build.0 = Release|Any CPU
		{5ACFEE4F-207A-40B2-867A-89884A0F1623}.Debug|Any CPU.ActiveCfg = Debug|Any CPU
		{5ACFEE4F-207A-40B2-867A-89884A0F1623}.Debug|Any CPU.Build.0 = Debug|Any CPU
		{5ACFEE4F-207A-40B2-867A-89884A0F1623}.Release|Any CPU.ActiveCfg = Release|Any CPU
		{5ACFEE4F-207A-40B2-867A-89884A0F1623}.Release|Any CPU.Build.0 = Release|Any CPU
		{AEF48BAD-981A-4F24-83BB-E76D2F6F2792}.Debug|Any CPU.ActiveCfg = Debug|Any CPU
		{AEF48BAD-981A-4F24-83BB-E76D2F6F2792}.Debug|Any CPU.Build.0 = Debug|Any CPU
		{AEF48BAD-981A-4F24-83BB-E76D2F6F2792}.Release|Any CPU.ActiveCfg = Release|Any CPU
		{AEF48BAD-981A-4F24-83BB-E76D2F6F2792}.Release|Any CPU.Build.0 = Release|Any CPU
		{A700E712-48F4-4B15-8C10-8F25E535EE4D}.Debug|Any CPU.ActiveCfg = Debug|Any CPU
		{A700E712-48F4-4B15-8C10-8F25E535EE4D}.Debug|Any CPU.Build.0 = Debug|Any CPU
		{A700E712-48F4-4B15-8C10-8F25E535EE4D}.Release|Any CPU.ActiveCfg = Release|Any CPU
		{A700E712-48F4-4B15-8C10-8F25E535EE4D}.Release|Any CPU.Build.0 = Release|Any CPU
		{C59B97E3-7311-4B6F-88B3-D984C3E8DB94}.Debug|Any CPU.ActiveCfg = Debug|Any CPU
		{C59B97E3-7311-4B6F-88B3-D984C3E8DB94}.Debug|Any CPU.Build.0 = Debug|Any CPU
		{C59B97E3-7311-4B6F-88B3-D984C3E8DB94}.Release|Any CPU.ActiveCfg = Release|Any CPU
		{C59B97E3-7311-4B6F-88B3-D984C3E8DB94}.Release|Any CPU.Build.0 = Release|Any CPU
		{B2EF6017-D816-4A5B-8744-AC993D9DC7C6}.Debug|Any CPU.ActiveCfg = Debug|Any CPU
		{B2EF6017-D816-4A5B-8744-AC993D9DC7C6}.Debug|Any CPU.Build.0 = Debug|Any CPU
		{B2EF6017-D816-4A5B-8744-AC993D9DC7C6}.Release|Any CPU.ActiveCfg = Release|Any CPU
		{B2EF6017-D816-4A5B-8744-AC993D9DC7C6}.Release|Any CPU.Build.0 = Release|Any CPU
	EndGlobalSection
	GlobalSection(SolutionProperties) = preSolution
		HideSolutionNode = FALSE
	EndGlobalSection
	GlobalSection(ExtensibilityGlobals) = postSolution
		EnterpriseLibraryConfigurationToolBinariesPath = packages\Unity.2.1.505.2\lib\NET35
		SolutionGuid = {A02436CF-9148-4E20-8525-6597CACB9FEF}
	EndGlobalSection
EndGlobal
